
Microsoft Visual Studio Solution File, Format Version 12.00
# Visual Studio 15
VisualStudioVersion = 15.0.28307.757
MinimumVisualStudioVersion = 10.0.40219.1
Project("{FAE04EC0-301F-11D3-BF4B-00C04F79EFBC}") = "RPCClient", "RPCClient\RPCClient.csproj", "{D644DD89-2D8A-47EC-9ED9-500AC2B65DF3}"
EndProject
Project("{FAE04EC0-301F-11D3-BF4B-00C04F79EFBC}") = "RPCServer", "RPCServer\RPCServer.csproj", "{43F1BC72-7979-4F47-8F46-CE51D857D5D9}"
EndProject
Project("{FAE04EC0-301F-11D3-BF4B-00C04F79EFBC}") = "RPCDemo", "RPCDemo\RPCDemo.csproj", "{A58FA173-9496-4421-925C-B7F591B1C5D7}"
EndProject
Global
	GlobalSection(SolutionConfigurationPlatforms) = preSolution
		Debug|Any CPU = Debug|Any CPU
		Release|Any CPU = Release|Any CPU
	EndGlobalSection
	GlobalSection(ProjectConfigurationPlatforms) = postSolution
		{D644DD89-2D8A-47EC-9ED9-500AC2B65DF3}.Debug|Any CPU.ActiveCfg = Debug|Any CPU
		{D644DD89-2D8A-47EC-9ED9-500AC2B65DF3}.Debug|Any CPU.Build.0 = Debug|Any CPU
		{D644DD89-2D8A-47EC-9ED9-500AC2B65DF3}.Release|Any CPU.ActiveCfg = Release|Any CPU
		{D644DD89-2D8A-47EC-9ED9-500AC2B65DF3}.Release|Any CPU.Build.0 = Release|Any CPU
		{43F1BC72-7979-4F47-8F46-CE51D857D5D9}.Debug|Any CPU.ActiveCfg = Debug|Any CPU
		{43F1BC72-7979-4F47-8F46-CE51D857D5D9}.Debug|Any CPU.Build.0 = Debug|Any CPU
		{43F1BC72-7979-4F47-8F46-CE51D857D5D9}.Release|Any CPU.ActiveCfg = Release|Any CPU
		{43F1BC72-7979-4F47-8F46-CE51D857D5D9}.Release|Any CPU.Build.0 = Release|Any CPU
		{A58FA173-9496-4421-925C-B7F591B1C5D7}.Debug|Any CPU.ActiveCfg = Debug|Any CPU
		{A58FA173-9496-4421-925C-B7F591B1C5D7}.Debug|Any CPU.Build.0 = Debug|Any CPU
		{A58FA173-9496-4421-925C-B7F591B1C5D7}.Release|Any CPU.ActiveCfg = Release|Any CPU
		{A58FA173-9496-4421-925C-B7F591B1C5D7}.Release|Any CPU.Build.0 = Release|Any CPU
	EndGlobalSection
	GlobalSection(SolutionProperties) = preSolution
		HideSolutionNode = FALSE
	EndGlobalSection
	GlobalSection(ExtensibilityGlobals) = postSolution
		SolutionGuid = {D009FBE2-0EB4-42A1-BE12-254FB78E807E}
	EndGlobalSection
EndGlobal
